
Microsoft Visual Studio Solution File, Format Version 12.00
# Visual Studio Version 17
VisualStudioVersion = 17.5.33530.505
MinimumVisualStudioVersion = 10.0.40219.1
Project("{9A19103F-16F7-4668-BE54-9A1E7A4F7556}") = "CS.Common", "CS.Common\CS.Common.csproj", "{3389F2AA-7B1B-42C2-9F47-53E9E83F9B09}"
EndProject
Project("{9A19103F-16F7-4668-BE54-9A1E7A4F7556}") = "CS.Configuration", "CS.Configuration\CS.Configuration.csproj", "{18948921-E9DB-406E-8292-5A5D3EDA1FEF}"
EndProject
Project("{9A19103F-16F7-4668-BE54-9A1E7A4F7556}") = "CS.Middleware", "CS.Middleware\CS.Middleware.csproj", "{D365A131-1C91-4712-92B9-6712BD662D26}"
EndProject
Project("{9A19103F-16F7-4668-BE54-9A1E7A4F7556}") = "CS.Base", "CS.Base\CS.Base.csproj", "{8A6E136E-9BDB-419D-95E3-9A124588915C}"
EndProject
Project("{2150E333-8FDC-42A3-9474-1A3956D46DE8}") = "Core", "Core", "{6748AEB9-6CE6-40B9-AC34-90C509CB6205}"
EndProject
Project("{9A19103F-16F7-4668-BE54-9A1E7A4F7556}") = "CS.Helper", "CS.Helper\CS.Helper.csproj", "{05FB8A4F-08B3-449B-A7BC-3DAD5AC60A90}"
EndProject
Project("{2150E333-8FDC-42A3-9474-1A3956D46DE8}") = "Gateway", "Gateway", "{99D7D7C8-0267-4165-9CD8-6EA2A581FA76}"
EndProject
Project("{2150E333-8FDC-42A3-9474-1A3956D46DE8}") = "Domain", "Domain", "{8932B238-1D45-4595-8988-16C16DAD4FB6}"
EndProject
Project("{9A19103F-16F7-4668-BE54-9A1E7A4F7556}") = "Gateway.Domain", "Gateway.Domain\Gateway.Domain.csproj", "{1F8EBDE9-B5BC-4D73-98BD-A5439FB523E6}"
EndProject
Project("{2150E333-8FDC-42A3-9474-1A3956D46DE8}") = "App", "App", "{8AEB3D8B-5CBD-4958-B21C-C8FC3F431867}"
EndProject
Project("{2150E333-8FDC-42A3-9474-1A3956D46DE8}") = "Auth", "Auth", "{BCAFBCEE-C785-43FB-ADC1-CC6D5B95C94E}"
EndProject
Project("{9A19103F-16F7-4668-BE54-9A1E7A4F7556}") = "Core.Email", "Core.Email\Core.Email.csproj", "{D26E3BFC-2994-48DD-97EF-B654988C48BB}"
EndProject
Project("{9A19103F-16F7-4668-BE54-9A1E7A4F7556}") = "Core.Common", "Core.Common\Core.Common.csproj", "{11927517-883B-41F4-86B6-47250C43F473}"
EndProject
Project("{9A19103F-16F7-4668-BE54-9A1E7A4F7556}") = "Core.UoW", "Core.UoW\Core.UoW.csproj", "{F63C267D-42A9-491A-8019-202B03B3CF21}"
EndProject
Project("{9A19103F-16F7-4668-BE54-9A1E7A4F7556}") = "Core.Service", "Core.Service\Core.Service.csproj", "{E4CF46CB-68C3-44B0-8981-D29ADF1958AD}"
EndProject
Project("{9A19103F-16F7-4668-BE54-9A1E7A4F7556}") = "CS.EF", "CS.EF\CS.EF.csproj", "{BF2FC103-9F39-49A7-AC21-6915E045F86E}"
EndProject
Project("{9A19103F-16F7-4668-BE54-9A1E7A4F7556}") = "CS.SignalRClient", "CS.SignalRClient\CS.SignalRClient.csproj", "{8C0FD8DC-AEB2-40D2-B885-98FEC59B25B0}"
EndProject
Project("{9A19103F-16F7-4668-BE54-9A1E7A4F7556}") = "CS.VM", "CS.ViewModel\CS.VM.csproj", "{20F1B1E6-716B-44C5-AB2D-2C29B001A504}"
EndProject
Project("{9A19103F-16F7-4668-BE54-9A1E7A4F7556}") = "Kiosk.API", "Kiosk.API\Kiosk.API.csproj", "{71D33544-64C4-4EC3-9A0B-37B3B5DB9DE7}"
EndProject
Project("{9A19103F-16F7-4668-BE54-9A1E7A4F7556}") = "Kiosk.Domain", "Kiosk.Domain\Kiosk.Domain.csproj", "{AE246EC2-B096-4DE4-B4DD-3770468BC230}"
EndProject
Project("{9A19103F-16F7-4668-BE54-9A1E7A4F7556}") = "Public.Gateway.API", "Public.Gateway.API\Public.Gateway.API.csproj", "{0E1B8533-EA87-4B20-A532-A5DF8A7C033F}"
EndProject
Project("{9A19103F-16F7-4668-BE54-9A1E7A4F7556}") = "Private.Gateway.API", "Private.Gateway.API\Private.Gateway.API.csproj", "{F2EEBDEF-F158-4224-960B-18C1DC37902D}"
EndProject
Project("{2150E333-8FDC-42A3-9474-1A3956D46DE8}") = "Solution Items", "Solution Items", "{D0906F19-AA03-4BB9-A2BF-BDC6ABCDE80F}"
	ProjectSection(SolutionItems) = preProject
		docker-compose.yml = docker-compose.yml
	EndProjectSection
EndProject
Project("{2150E333-8FDC-42A3-9474-1A3956D46DE8}") = "Admin", "Admin", "{35A18D9C-B540-4257-8A98-3E64E8CA22D3}"
EndProject
Project("{9A19103F-16F7-4668-BE54-9A1E7A4F7556}") = "Admin.API", "Admin.API\Admin.API.csproj", "{2201D066-F13F-400D-B283-E2A51A52A259}"
EndProject
Project("{9A19103F-16F7-4668-BE54-9A1E7A4F7556}") = "Admin.Domain", "Admin.Domain\Admin.Domain.csproj", "{13B76080-CC10-4049-B7F6-8C67BC9820DB}"
EndProject
Project("{9A19103F-16F7-4668-BE54-9A1E7A4F7556}") = "Core.Domain", "Core.Domain\Core.Domain.csproj", "{745E4D70-C427-47D0-93CA-780D3C44C1FE}"
EndProject
Project("{9A19103F-16F7-4668-BE54-9A1E7A4F7556}") = "DepartmentGroup.Domain", "DepartmentGroup.Domain\DepartmentGroup.Domain.csproj", "{40F1DA07-4D67-4107-B272-09551B62CF6C}"
EndProject
Project("{9A19103F-16F7-4668-BE54-9A1E7A4F7556}") = "DepartmentGroup.API", "DepartmentGroup.API\DepartmentGroup.API.csproj", "{44979E80-C413-4751-B94B-5D51E4AB8E30}"
EndProject
Project("{9A19103F-16F7-4668-BE54-9A1E7A4F7556}") = "Auth.API", "Auth.API\Auth.API.csproj", "{14FC4DBD-46F6-499D-9A8E-FFD26DFDAA87}"
EndProject
Project("{9A19103F-16F7-4668-BE54-9A1E7A4F7556}") = "Core.Config", "Configuration\Core.Config.csproj", "{4D395C52-A25B-4323-931C-4AB43EF3F5F5}"
EndProject
Global
	GlobalSection(SolutionConfigurationPlatforms) = preSolution
		Debug|Any CPU = Debug|Any CPU
		Debug|x64 = Debug|x64
		Debug|x86 = Debug|x86
		Release|Any CPU = Release|Any CPU
		Release|x64 = Release|x64
		Release|x86 = Release|x86
	EndGlobalSection
	GlobalSection(ProjectConfigurationPlatforms) = postSolution
		{3389F2AA-7B1B-42C2-9F47-53E9E83F9B09}.Debug|Any CPU.ActiveCfg = Debug|Any CPU
		{3389F2AA-7B1B-42C2-9F47-53E9E83F9B09}.Debug|Any CPU.Build.0 = Debug|Any CPU
		{3389F2AA-7B1B-42C2-9F47-53E9E83F9B09}.Debug|x64.ActiveCfg = Debug|x64
		{3389F2AA-7B1B-42C2-9F47-53E9E83F9B09}.Debug|x64.Build.0 = Debug|x64
		{3389F2AA-7B1B-42C2-9F47-53E9E83F9B09}.Debug|x86.ActiveCfg = Debug|Any CPU
		{3389F2AA-7B1B-42C2-9F47-53E9E83F9B09}.Debug|x86.Build.0 = Debug|Any CPU
		{3389F2AA-7B1B-42C2-9F47-53E9E83F9B09}.Release|Any CPU.ActiveCfg = Release|Any CPU
		{3389F2AA-7B1B-42C2-9F47-53E9E83F9B09}.Release|Any CPU.Build.0 = Release|Any CPU
		{3389F2AA-7B1B-42C2-9F47-53E9E83F9B09}.Release|x64.ActiveCfg = Release|x64
		{3389F2AA-7B1B-42C2-9F47-53E9E83F9B09}.Release|x64.Build.0 = Release|x64
		{3389F2AA-7B1B-42C2-9F47-53E9E83F9B09}.Release|x86.ActiveCfg = Release|Any CPU
		{3389F2AA-7B1B-42C2-9F47-53E9E83F9B09}.Release|x86.Build.0 = Release|Any CPU
		{18948921-E9DB-406E-8292-5A5D3EDA1FEF}.Debug|Any CPU.ActiveCfg = Debug|Any CPU
		{18948921-E9DB-406E-8292-5A5D3EDA1FEF}.Debug|Any CPU.Build.0 = Debug|Any CPU
		{18948921-E9DB-406E-8292-5A5D3EDA1FEF}.Debug|x64.ActiveCfg = Debug|Any CPU
		{18948921-E9DB-406E-8292-5A5D3EDA1FEF}.Debug|x64.Build.0 = Debug|Any CPU
		{18948921-E9DB-406E-8292-5A5D3EDA1FEF}.Debug|x86.ActiveCfg = Debug|Any CPU
		{18948921-E9DB-406E-8292-5A5D3EDA1FEF}.Debug|x86.Build.0 = Debug|Any CPU
		{18948921-E9DB-406E-8292-5A5D3EDA1FEF}.Release|Any CPU.ActiveCfg = Release|Any CPU
		{18948921-E9DB-406E-8292-5A5D3EDA1FEF}.Release|Any CPU.Build.0 = Release|Any CPU
		{18948921-E9DB-406E-8292-5A5D3EDA1FEF}.Release|x64.ActiveCfg = Release|Any CPU
		{18948921-E9DB-406E-8292-5A5D3EDA1FEF}.Release|x64.Build.0 = Release|Any CPU
		{18948921-E9DB-406E-8292-5A5D3EDA1FEF}.Release|x86.ActiveCfg = Release|Any CPU
		{18948921-E9DB-406E-8292-5A5D3EDA1FEF}.Release|x86.Build.0 = Release|Any CPU
		{D365A131-1C91-4712-92B9-6712BD662D26}.Debug|Any CPU.ActiveCfg = Debug|Any CPU
		{D365A131-1C91-4712-92B9-6712BD662D26}.Debug|Any CPU.Build.0 = Debug|Any CPU
		{D365A131-1C91-4712-92B9-6712BD662D26}.Debug|x64.ActiveCfg = Debug|Any CPU
		{D365A131-1C91-4712-92B9-6712BD662D26}.Debug|x64.Build.0 = Debug|Any CPU
		{D365A131-1C91-4712-92B9-6712BD662D26}.Debug|x86.ActiveCfg = Debug|Any CPU
		{D365A131-1C91-4712-92B9-6712BD662D26}.Debug|x86.Build.0 = Debug|Any CPU
		{D365A131-1C91-4712-92B9-6712BD662D26}.Release|Any CPU.ActiveCfg = Release|Any CPU
		{D365A131-1C91-4712-92B9-6712BD662D26}.Release|Any CPU.Build.0 = Release|Any CPU
		{D365A131-1C91-4712-92B9-6712BD662D26}.Release|x64.ActiveCfg = Release|Any CPU
		{D365A131-1C91-4712-92B9-6712BD662D26}.Release|x64.Build.0 = Release|Any CPU
		{D365A131-1C91-4712-92B9-6712BD662D26}.Release|x86.ActiveCfg = Release|Any CPU
		{D365A131-1C91-4712-92B9-6712BD662D26}.Release|x86.Build.0 = Release|Any CPU
		{8A6E136E-9BDB-419D-95E3-9A124588915C}.Debug|Any CPU.ActiveCfg = Debug|Any CPU
		{8A6E136E-9BDB-419D-95E3-9A124588915C}.Debug|Any CPU.Build.0 = Debug|Any CPU
		{8A6E136E-9BDB-419D-95E3-9A124588915C}.Debug|x64.ActiveCfg = Debug|Any CPU
		{8A6E136E-9BDB-419D-95E3-9A124588915C}.Debug|x64.Build.0 = Debug|Any CPU
		{8A6E136E-9BDB-419D-95E3-9A124588915C}.Debug|x86.ActiveCfg = Debug|Any CPU
		{8A6E136E-9BDB-419D-95E3-9A124588915C}.Debug|x86.Build.0 = Debug|Any CPU
		{8A6E136E-9BDB-419D-95E3-9A124588915C}.Release|Any CPU.ActiveCfg = Release|Any CPU
		{8A6E136E-9BDB-419D-95E3-9A124588915C}.Release|Any CPU.Build.0 = Release|Any CPU
		{8A6E136E-9BDB-419D-95E3-9A124588915C}.Release|x64.ActiveCfg = Release|Any CPU
		{8A6E136E-9BDB-419D-95E3-9A124588915C}.Release|x64.Build.0 = Release|Any CPU
		{8A6E136E-9BDB-419D-95E3-9A124588915C}.Release|x86.ActiveCfg = Release|Any CPU
		{8A6E136E-9BDB-419D-95E3-9A124588915C}.Release|x86.Build.0 = Release|Any CPU
		{05FB8A4F-08B3-449B-A7BC-3DAD5AC60A90}.Debug|Any CPU.ActiveCfg = Debug|Any CPU
		{05FB8A4F-08B3-449B-A7BC-3DAD5AC60A90}.Debug|Any CPU.Build.0 = Debug|Any CPU
		{05FB8A4F-08B3-449B-A7BC-3DAD5AC60A90}.Debug|x64.ActiveCfg = Debug|Any CPU
		{05FB8A4F-08B3-449B-A7BC-3DAD5AC60A90}.Debug|x64.Build.0 = Debug|Any CPU
		{05FB8A4F-08B3-449B-A7BC-3DAD5AC60A90}.Debug|x86.ActiveCfg = Debug|Any CPU
		{05FB8A4F-08B3-449B-A7BC-3DAD5AC60A90}.Debug|x86.Build.0 = Debug|Any CPU
		{05FB8A4F-08B3-449B-A7BC-3DAD5AC60A90}.Release|Any CPU.ActiveCfg = Release|Any CPU
		{05FB8A4F-08B3-449B-A7BC-3DAD5AC60A90}.Release|Any CPU.Build.0 = Release|Any CPU
		{05FB8A4F-08B3-449B-A7BC-3DAD5AC60A90}.Release|x64.ActiveCfg = Release|Any CPU
		{05FB8A4F-08B3-449B-A7BC-3DAD5AC60A90}.Release|x64.Build.0 = Release|Any CPU
		{05FB8A4F-08B3-449B-A7BC-3DAD5AC60A90}.Release|x86.ActiveCfg = Release|Any CPU
		{05FB8A4F-08B3-449B-A7BC-3DAD5AC60A90}.Release|x86.Build.0 = Release|Any CPU
		{1F8EBDE9-B5BC-4D73-98BD-A5439FB523E6}.Debug|Any CPU.ActiveCfg = Debug|Any CPU
		{1F8EBDE9-B5BC-4D73-98BD-A5439FB523E6}.Debug|Any CPU.Build.0 = Debug|Any CPU
		{1F8EBDE9-B5BC-4D73-98BD-A5439FB523E6}.Debug|x64.ActiveCfg = Debug|Any CPU
		{1F8EBDE9-B5BC-4D73-98BD-A5439FB523E6}.Debug|x64.Build.0 = Debug|Any CPU
		{1F8EBDE9-B5BC-4D73-98BD-A5439FB523E6}.Debug|x86.ActiveCfg = Debug|Any CPU
		{1F8EBDE9-B5BC-4D73-98BD-A5439FB523E6}.Debug|x86.Build.0 = Debug|Any CPU
		{1F8EBDE9-B5BC-4D73-98BD-A5439FB523E6}.Release|Any CPU.ActiveCfg = Release|Any CPU
		{1F8EBDE9-B5BC-4D73-98BD-A5439FB523E6}.Release|Any CPU.Build.0 = Release|Any CPU
		{1F8EBDE9-B5BC-4D73-98BD-A5439FB523E6}.Release|x64.ActiveCfg = Release|Any CPU
		{1F8EBDE9-B5BC-4D73-98BD-A5439FB523E6}.Release|x64.Build.0 = Release|Any CPU
		{1F8EBDE9-B5BC-4D73-98BD-A5439FB523E6}.Release|x86.ActiveCfg = Release|Any CPU
		{1F8EBDE9-B5BC-4D73-98BD-A5439FB523E6}.Release|x86.Build.0 = Release|Any CPU
		{D26E3BFC-2994-48DD-97EF-B654988C48BB}.Debug|Any CPU.ActiveCfg = Debug|Any CPU
		{D26E3BFC-2994-48DD-97EF-B654988C48BB}.Debug|Any CPU.Build.0 = Debug|Any CPU
		{D26E3BFC-2994-48DD-97EF-B654988C48BB}.Debug|x64.ActiveCfg = Debug|Any CPU
		{D26E3BFC-2994-48DD-97EF-B654988C48BB}.Debug|x64.Build.0 = Debug|Any CPU
		{D26E3BFC-2994-48DD-97EF-B654988C48BB}.Debug|x86.ActiveCfg = Debug|Any CPU
		{D26E3BFC-2994-48DD-97EF-B654988C48BB}.Debug|x86.Build.0 = Debug|Any CPU
		{D26E3BFC-2994-48DD-97EF-B654988C48BB}.Release|Any CPU.ActiveCfg = Release|Any CPU
		{D26E3BFC-2994-48DD-97EF-B654988C48BB}.Release|Any CPU.Build.0 = Release|Any CPU
		{D26E3BFC-2994-48DD-97EF-B654988C48BB}.Release|x64.ActiveCfg = Release|Any CPU
		{D26E3BFC-2994-48DD-97EF-B654988C48BB}.Release|x64.Build.0 = Release|Any CPU
		{D26E3BFC-2994-48DD-97EF-B654988C48BB}.Release|x86.ActiveCfg = Release|Any CPU
		{D26E3BFC-2994-48DD-97EF-B654988C48BB}.Release|x86.Build.0 = Release|Any CPU
		{11927517-883B-41F4-86B6-47250C43F473}.Debug|Any CPU.ActiveCfg = Debug|Any CPU
		{11927517-883B-41F4-86B6-47250C43F473}.Debug|Any CPU.Build.0 = Debug|Any CPU
		{11927517-883B-41F4-86B6-47250C43F473}.Debug|x64.ActiveCfg = Debug|Any CPU
		{11927517-883B-41F4-86B6-47250C43F473}.Debug|x64.Build.0 = Debug|Any CPU
		{11927517-883B-41F4-86B6-47250C43F473}.Debug|x86.ActiveCfg = Debug|Any CPU
		{11927517-883B-41F4-86B6-47250C43F473}.Debug|x86.Build.0 = Debug|Any CPU
		{11927517-883B-41F4-86B6-47250C43F473}.Release|Any CPU.ActiveCfg = Release|Any CPU
		{11927517-883B-41F4-86B6-47250C43F473}.Release|Any CPU.Build.0 = Release|Any CPU
		{11927517-883B-41F4-86B6-47250C43F473}.Release|x64.ActiveCfg = Release|Any CPU
		{11927517-883B-41F4-86B6-47250C43F473}.Release|x64.Build.0 = Release|Any CPU
		{11927517-883B-41F4-86B6-47250C43F473}.Release|x86.ActiveCfg = Release|Any CPU
		{11927517-883B-41F4-86B6-47250C43F473}.Release|x86.Build.0 = Release|Any CPU
		{F63C267D-42A9-491A-8019-202B03B3CF21}.Debug|Any CPU.ActiveCfg = Debug|Any CPU
		{F63C267D-42A9-491A-8019-202B03B3CF21}.Debug|Any CPU.Build.0 = Debug|Any CPU
		{F63C267D-42A9-491A-8019-202B03B3CF21}.Debug|x64.ActiveCfg = Debug|Any CPU
		{F63C267D-42A9-491A-8019-202B03B3CF21}.Debug|x64.Build.0 = Debug|Any CPU
		{F63C267D-42A9-491A-8019-202B03B3CF21}.Debug|x86.ActiveCfg = Debug|Any CPU
		{F63C267D-42A9-491A-8019-202B03B3CF21}.Debug|x86.Build.0 = Debug|Any CPU
		{F63C267D-42A9-491A-8019-202B03B3CF21}.Release|Any CPU.ActiveCfg = Release|Any CPU
		{F63C267D-42A9-491A-8019-202B03B3CF21}.Release|Any CPU.Build.0 = Release|Any CPU
		{F63C267D-42A9-491A-8019-202B03B3CF21}.Release|x64.ActiveCfg = Release|Any CPU
		{F63C267D-42A9-491A-8019-202B03B3CF21}.Release|x64.Build.0 = Release|Any CPU
		{F63C267D-42A9-491A-8019-202B03B3CF21}.Release|x86.ActiveCfg = Release|Any CPU
		{F63C267D-42A9-491A-8019-202B03B3CF21}.Release|x86.Build.0 = Release|Any CPU
		{E4CF46CB-68C3-44B0-8981-D29ADF1958AD}.Debug|Any CPU.ActiveCfg = Debug|Any CPU
		{E4CF46CB-68C3-44B0-8981-D29ADF1958AD}.Debug|Any CPU.Build.0 = Debug|Any CPU
		{E4CF46CB-68C3-44B0-8981-D29ADF1958AD}.Debug|x64.ActiveCfg = Debug|Any CPU
		{E4CF46CB-68C3-44B0-8981-D29ADF1958AD}.Debug|x64.Build.0 = Debug|Any CPU
		{E4CF46CB-68C3-44B0-8981-D29ADF1958AD}.Debug|x86.ActiveCfg = Debug|Any CPU
		{E4CF46CB-68C3-44B0-8981-D29ADF1958AD}.Debug|x86.Build.0 = Debug|Any CPU
		{E4CF46CB-68C3-44B0-8981-D29ADF1958AD}.Release|Any CPU.ActiveCfg = Release|Any CPU
		{E4CF46CB-68C3-44B0-8981-D29ADF1958AD}.Release|Any CPU.Build.0 = Release|Any CPU
		{E4CF46CB-68C3-44B0-8981-D29ADF1958AD}.Release|x64.ActiveCfg = Release|Any CPU
		{E4CF46CB-68C3-44B0-8981-D29ADF1958AD}.Release|x64.Build.0 = Release|Any CPU
		{E4CF46CB-68C3-44B0-8981-D29ADF1958AD}.Release|x86.ActiveCfg = Release|Any CPU
		{E4CF46CB-68C3-44B0-8981-D29ADF1958AD}.Release|x86.Build.0 = Release|Any CPU
		{BF2FC103-9F39-49A7-AC21-6915E045F86E}.Debug|Any CPU.ActiveCfg = Debug|Any CPU
		{BF2FC103-9F39-49A7-AC21-6915E045F86E}.Debug|Any CPU.Build.0 = Debug|Any CPU
		{BF2FC103-9F39-49A7-AC21-6915E045F86E}.Debug|x64.ActiveCfg = Debug|Any CPU
		{BF2FC103-9F39-49A7-AC21-6915E045F86E}.Debug|x64.Build.0 = Debug|Any CPU
		{BF2FC103-9F39-49A7-AC21-6915E045F86E}.Debug|x86.ActiveCfg = Debug|Any CPU
		{BF2FC103-9F39-49A7-AC21-6915E045F86E}.Debug|x86.Build.0 = Debug|Any CPU
		{BF2FC103-9F39-49A7-AC21-6915E045F86E}.Release|Any CPU.ActiveCfg = Release|Any CPU
		{BF2FC103-9F39-49A7-AC21-6915E045F86E}.Release|Any CPU.Build.0 = Release|Any CPU
		{BF2FC103-9F39-49A7-AC21-6915E045F86E}.Release|x64.ActiveCfg = Release|Any CPU
		{BF2FC103-9F39-49A7-AC21-6915E045F86E}.Release|x64.Build.0 = Release|Any CPU
		{BF2FC103-9F39-49A7-AC21-6915E045F86E}.Release|x86.ActiveCfg = Release|Any CPU
		{BF2FC103-9F39-49A7-AC21-6915E045F86E}.Release|x86.Build.0 = Release|Any CPU
		{8C0FD8DC-AEB2-40D2-B885-98FEC59B25B0}.Debug|Any CPU.ActiveCfg = Debug|Any CPU
		{8C0FD8DC-AEB2-40D2-B885-98FEC59B25B0}.Debug|Any CPU.Build.0 = Debug|Any CPU
		{8C0FD8DC-AEB2-40D2-B885-98FEC59B25B0}.Debug|x64.ActiveCfg = Debug|Any CPU
		{8C0FD8DC-AEB2-40D2-B885-98FEC59B25B0}.Debug|x64.Build.0 = Debug|Any CPU
		{8C0FD8DC-AEB2-40D2-B885-98FEC59B25B0}.Debug|x86.ActiveCfg = Debug|Any CPU
		{8C0FD8DC-AEB2-40D2-B885-98FEC59B25B0}.Debug|x86.Build.0 = Debug|Any CPU
		{8C0FD8DC-AEB2-40D2-B885-98FEC59B25B0}.Release|Any CPU.ActiveCfg = Release|Any CPU
		{8C0FD8DC-AEB2-40D2-B885-98FEC59B25B0}.Release|Any CPU.Build.0 = Release|Any CPU
		{8C0FD8DC-AEB2-40D2-B885-98FEC59B25B0}.Release|x64.ActiveCfg = Release|Any CPU
		{8C0FD8DC-AEB2-40D2-B885-98FEC59B25B0}.Release|x64.Build.0 = Release|Any CPU
		{8C0FD8DC-AEB2-40D2-B885-98FEC59B25B0}.Release|x86.ActiveCfg = Release|Any CPU
		{8C0FD8DC-AEB2-40D2-B885-98FEC59B25B0}.Release|x86.Build.0 = Release|Any CPU
		{20F1B1E6-716B-44C5-AB2D-2C29B001A504}.Debug|Any CPU.ActiveCfg = Debug|Any CPU
		{20F1B1E6-716B-44C5-AB2D-2C29B001A504}.Debug|Any CPU.Build.0 = Debug|Any CPU
		{20F1B1E6-716B-44C5-AB2D-2C29B001A504}.Debug|x64.ActiveCfg = Debug|Any CPU
		{20F1B1E6-716B-44C5-AB2D-2C29B001A504}.Debug|x64.Build.0 = Debug|Any CPU
		{20F1B1E6-716B-44C5-AB2D-2C29B001A504}.Debug|x86.ActiveCfg = Debug|Any CPU
		{20F1B1E6-716B-44C5-AB2D-2C29B001A504}.Debug|x86.Build.0 = Debug|Any CPU
		{20F1B1E6-716B-44C5-AB2D-2C29B001A504}.Release|Any CPU.ActiveCfg = Release|Any CPU
		{20F1B1E6-716B-44C5-AB2D-2C29B001A504}.Release|Any CPU.Build.0 = Release|Any CPU
		{20F1B1E6-716B-44C5-AB2D-2C29B001A504}.Release|x64.ActiveCfg = Release|Any CPU
		{20F1B1E6-716B-44C5-AB2D-2C29B001A504}.Release|x64.Build.0 = Release|Any CPU
		{20F1B1E6-716B-44C5-AB2D-2C29B001A504}.Release|x86.ActiveCfg = Release|Any CPU
		{20F1B1E6-716B-44C5-AB2D-2C29B001A504}.Release|x86.Build.0 = Release|Any CPU
		{71D33544-64C4-4EC3-9A0B-37B3B5DB9DE7}.Debug|Any CPU.ActiveCfg = Debug|Any CPU
		{71D33544-64C4-4EC3-9A0B-37B3B5DB9DE7}.Debug|Any CPU.Build.0 = Debug|Any CPU
		{71D33544-64C4-4EC3-9A0B-37B3B5DB9DE7}.Debug|x64.ActiveCfg = Debug|Any CPU
		{71D33544-64C4-4EC3-9A0B-37B3B5DB9DE7}.Debug|x64.Build.0 = Debug|Any CPU
		{71D33544-64C4-4EC3-9A0B-37B3B5DB9DE7}.Debug|x86.ActiveCfg = Debug|Any CPU
		{71D33544-64C4-4EC3-9A0B-37B3B5DB9DE7}.Debug|x86.Build.0 = Debug|Any CPU
		{71D33544-64C4-4EC3-9A0B-37B3B5DB9DE7}.Release|Any CPU.ActiveCfg = Release|Any CPU
		{71D33544-64C4-4EC3-9A0B-37B3B5DB9DE7}.Release|Any CPU.Build.0 = Release|Any CPU
		{71D33544-64C4-4EC3-9A0B-37B3B5DB9DE7}.Release|x64.ActiveCfg = Release|Any CPU
		{71D33544-64C4-4EC3-9A0B-37B3B5DB9DE7}.Release|x64.Build.0 = Release|Any CPU
		{71D33544-64C4-4EC3-9A0B-37B3B5DB9DE7}.Release|x86.ActiveCfg = Release|Any CPU
		{71D33544-64C4-4EC3-9A0B-37B3B5DB9DE7}.Release|x86.Build.0 = Release|Any CPU
		{AE246EC2-B096-4DE4-B4DD-3770468BC230}.Debug|Any CPU.ActiveCfg = Debug|Any CPU
		{AE246EC2-B096-4DE4-B4DD-3770468BC230}.Debug|Any CPU.Build.0 = Debug|Any CPU
		{AE246EC2-B096-4DE4-B4DD-3770468BC230}.Debug|x64.ActiveCfg = Debug|Any CPU
		{AE246EC2-B096-4DE4-B4DD-3770468BC230}.Debug|x64.Build.0 = Debug|Any CPU
		{AE246EC2-B096-4DE4-B4DD-3770468BC230}.Debug|x86.ActiveCfg = Debug|Any CPU
		{AE246EC2-B096-4DE4-B4DD-3770468BC230}.Debug|x86.Build.0 = Debug|Any CPU
		{AE246EC2-B096-4DE4-B4DD-3770468BC230}.Release|Any CPU.ActiveCfg = Release|Any CPU
		{AE246EC2-B096-4DE4-B4DD-3770468BC230}.Release|Any CPU.Build.0 = Release|Any CPU
		{AE246EC2-B096-4DE4-B4DD-3770468BC230}.Release|x64.ActiveCfg = Release|Any CPU
		{AE246EC2-B096-4DE4-B4DD-3770468BC230}.Release|x64.Build.0 = Release|Any CPU
		{AE246EC2-B096-4DE4-B4DD-3770468BC230}.Release|x86.ActiveCfg = Release|Any CPU
		{AE246EC2-B096-4DE4-B4DD-3770468BC230}.Release|x86.Build.0 = Release|Any CPU
		{0E1B8533-EA87-4B20-A532-A5DF8A7C033F}.Debug|Any CPU.ActiveCfg = Debug|Any CPU
		{0E1B8533-EA87-4B20-A532-A5DF8A7C033F}.Debug|Any CPU.Build.0 = Debug|Any CPU
		{0E1B8533-EA87-4B20-A532-A5DF8A7C033F}.Debug|x64.ActiveCfg = Debug|Any CPU
		{0E1B8533-EA87-4B20-A532-A5DF8A7C033F}.Debug|x64.Build.0 = Debug|Any CPU
		{0E1B8533-EA87-4B20-A532-A5DF8A7C033F}.Debug|x86.ActiveCfg = Debug|Any CPU
		{0E1B8533-EA87-4B20-A532-A5DF8A7C033F}.Debug|x86.Build.0 = Debug|Any CPU
		{0E1B8533-EA87-4B20-A532-A5DF8A7C033F}.Release|Any CPU.ActiveCfg = Release|Any CPU
		{0E1B8533-EA87-4B20-A532-A5DF8A7C033F}.Release|Any CPU.Build.0 = Release|Any CPU
		{0E1B8533-EA87-4B20-A532-A5DF8A7C033F}.Release|x64.ActiveCfg = Release|Any CPU
		{0E1B8533-EA87-4B20-A532-A5DF8A7C033F}.Release|x64.Build.0 = Release|Any CPU
		{0E1B8533-EA87-4B20-A532-A5DF8A7C033F}.Release|x86.ActiveCfg = Release|Any CPU
		{0E1B8533-EA87-4B20-A532-A5DF8A7C033F}.Release|x86.Build.0 = Release|Any CPU
		{F2EEBDEF-F158-4224-960B-18C1DC37902D}.Debug|Any CPU.ActiveCfg = Debug|Any CPU
		{F2EEBDEF-F158-4224-960B-18C1DC37902D}.Debug|Any CPU.Build.0 = Debug|Any CPU
		{F2EEBDEF-F158-4224-960B-18C1DC37902D}.Debug|x64.ActiveCfg = Debug|Any CPU
		{F2EEBDEF-F158-4224-960B-18C1DC37902D}.Debug|x64.Build.0 = Debug|Any CPU
		{F2EEBDEF-F158-4224-960B-18C1DC37902D}.Debug|x86.ActiveCfg = Debug|Any CPU
		{F2EEBDEF-F158-4224-960B-18C1DC37902D}.Debug|x86.Build.0 = Debug|Any CPU
		{F2EEBDEF-F158-4224-960B-18C1DC37902D}.Release|Any CPU.ActiveCfg = Release|Any CPU
		{F2EEBDEF-F158-4224-960B-18C1DC37902D}.Release|Any CPU.Build.0 = Release|Any CPU
		{F2EEBDEF-F158-4224-960B-18C1DC37902D}.Release|x64.ActiveCfg = Release|Any CPU
		{F2EEBDEF-F158-4224-960B-18C1DC37902D}.Release|x64.Build.0 = Release|Any CPU
		{F2EEBDEF-F158-4224-960B-18C1DC37902D}.Release|x86.ActiveCfg = Release|Any CPU
		{F2EEBDEF-F158-4224-960B-18C1DC37902D}.Release|x86.Build.0 = Release|Any CPU
		{2201D066-F13F-400D-B283-E2A51A52A259}.Debug|Any CPU.ActiveCfg = Debug|Any CPU
		{2201D066-F13F-400D-B283-E2A51A52A259}.Debug|Any CPU.Build.0 = Debug|Any CPU
		{2201D066-F13F-400D-B283-E2A51A52A259}.Debug|x64.ActiveCfg = Debug|Any CPU
		{2201D066-F13F-400D-B283-E2A51A52A259}.Debug|x64.Build.0 = Debug|Any CPU
		{2201D066-F13F-400D-B283-E2A51A52A259}.Debug|x86.ActiveCfg = Debug|Any CPU
		{2201D066-F13F-400D-B283-E2A51A52A259}.Debug|x86.Build.0 = Debug|Any CPU
		{2201D066-F13F-400D-B283-E2A51A52A259}.Release|Any CPU.ActiveCfg = Release|Any CPU
		{2201D066-F13F-400D-B283-E2A51A52A259}.Release|Any CPU.Build.0 = Release|Any CPU
		{2201D066-F13F-400D-B283-E2A51A52A259}.Release|x64.ActiveCfg = Release|Any CPU
		{2201D066-F13F-400D-B283-E2A51A52A259}.Release|x64.Build.0 = Release|Any CPU
		{2201D066-F13F-400D-B283-E2A51A52A259}.Release|x86.ActiveCfg = Release|Any CPU
		{2201D066-F13F-400D-B283-E2A51A52A259}.Release|x86.Build.0 = Release|Any CPU
		{13B76080-CC10-4049-B7F6-8C67BC9820DB}.Debug|Any CPU.ActiveCfg = Debug|Any CPU
		{13B76080-CC10-4049-B7F6-8C67BC9820DB}.Debug|Any CPU.Build.0 = Debug|Any CPU
		{13B76080-CC10-4049-B7F6-8C67BC9820DB}.Debug|x64.ActiveCfg = Debug|Any CPU
		{13B76080-CC10-4049-B7F6-8C67BC9820DB}.Debug|x64.Build.0 = Debug|Any CPU
		{13B76080-CC10-4049-B7F6-8C67BC9820DB}.Debug|x86.ActiveCfg = Debug|Any CPU
		{13B76080-CC10-4049-B7F6-8C67BC9820DB}.Debug|x86.Build.0 = Debug|Any CPU
		{13B76080-CC10-4049-B7F6-8C67BC9820DB}.Release|Any CPU.ActiveCfg = Release|Any CPU
		{13B76080-CC10-4049-B7F6-8C67BC9820DB}.Release|Any CPU.Build.0 = Release|Any CPU
		{13B76080-CC10-4049-B7F6-8C67BC9820DB}.Release|x64.ActiveCfg = Release|Any CPU
		{13B76080-CC10-4049-B7F6-8C67BC9820DB}.Release|x64.Build.0 = Release|Any CPU
		{13B76080-CC10-4049-B7F6-8C67BC9820DB}.Release|x86.ActiveCfg = Release|Any CPU
		{13B76080-CC10-4049-B7F6-8C67BC9820DB}.Release|x86.Build.0 = Release|Any CPU
		{745E4D70-C427-47D0-93CA-780D3C44C1FE}.Debug|Any CPU.ActiveCfg = Debug|Any CPU
		{745E4D70-C427-47D0-93CA-780D3C44C1FE}.Debug|Any CPU.Build.0 = Debug|Any CPU
		{745E4D70-C427-47D0-93CA-780D3C44C1FE}.Debug|x64.ActiveCfg = Debug|Any CPU
		{745E4D70-C427-47D0-93CA-780D3C44C1FE}.Debug|x64.Build.0 = Debug|Any CPU
		{745E4D70-C427-47D0-93CA-780D3C44C1FE}.Debug|x86.ActiveCfg = Debug|Any CPU
		{745E4D70-C427-47D0-93CA-780D3C44C1FE}.Debug|x86.Build.0 = Debug|Any CPU
		{745E4D70-C427-47D0-93CA-780D3C44C1FE}.Release|Any CPU.ActiveCfg = Release|Any CPU
		{745E4D70-C427-47D0-93CA-780D3C44C1FE}.Release|Any CPU.Build.0 = Release|Any CPU
		{745E4D70-C427-47D0-93CA-780D3C44C1FE}.Release|x64.ActiveCfg = Release|Any CPU
		{745E4D70-C427-47D0-93CA-780D3C44C1FE}.Release|x64.Build.0 = Release|Any CPU
		{745E4D70-C427-47D0-93CA-780D3C44C1FE}.Release|x86.ActiveCfg = Release|Any CPU
		{745E4D70-C427-47D0-93CA-780D3C44C1FE}.Release|x86.Build.0 = Release|Any CPU
		{40F1DA07-4D67-4107-B272-09551B62CF6C}.Debug|Any CPU.ActiveCfg = Debug|Any CPU
		{40F1DA07-4D67-4107-B272-09551B62CF6C}.Debug|Any CPU.Build.0 = Debug|Any CPU
		{40F1DA07-4D67-4107-B272-09551B62CF6C}.Debug|x64.ActiveCfg = Debug|Any CPU
		{40F1DA07-4D67-4107-B272-09551B62CF6C}.Debug|x64.Build.0 = Debug|Any CPU
		{40F1DA07-4D67-4107-B272-09551B62CF6C}.Debug|x86.ActiveCfg = Debug|Any CPU
		{40F1DA07-4D67-4107-B272-09551B62CF6C}.Debug|x86.Build.0 = Debug|Any CPU
		{40F1DA07-4D67-4107-B272-09551B62CF6C}.Release|Any CPU.ActiveCfg = Release|Any CPU
		{40F1DA07-4D67-4107-B272-09551B62CF6C}.Release|Any CPU.Build.0 = Release|Any CPU
		{40F1DA07-4D67-4107-B272-09551B62CF6C}.Release|x64.ActiveCfg = Release|Any CPU
		{40F1DA07-4D67-4107-B272-09551B62CF6C}.Release|x64.Build.0 = Release|Any CPU
		{40F1DA07-4D67-4107-B272-09551B62CF6C}.Release|x86.ActiveCfg = Release|Any CPU
		{40F1DA07-4D67-4107-B272-09551B62CF6C}.Release|x86.Build.0 = Release|Any CPU
		{44979E80-C413-4751-B94B-5D51E4AB8E30}.Debug|Any CPU.ActiveCfg = Debug|Any CPU
		{44979E80-C413-4751-B94B-5D51E4AB8E30}.Debug|Any CPU.Build.0 = Debug|Any CPU
		{44979E80-C413-4751-B94B-5D51E4AB8E30}.Debug|x64.ActiveCfg = Debug|Any CPU
		{44979E80-C413-4751-B94B-5D51E4AB8E30}.Debug|x64.Build.0 = Debug|Any CPU
		{44979E80-C413-4751-B94B-5D51E4AB8E30}.Debug|x86.ActiveCfg = Debug|Any CPU
		{44979E80-C413-4751-B94B-5D51E4AB8E30}.Debug|x86.Build.0 = Debug|Any CPU
		{44979E80-C413-4751-B94B-5D51E4AB8E30}.Release|Any CPU.ActiveCfg = Release|Any CPU
		{44979E80-C413-4751-B94B-5D51E4AB8E30}.Release|Any CPU.Build.0 = Release|Any CPU
		{44979E80-C413-4751-B94B-5D51E4AB8E30}.Release|x64.ActiveCfg = Release|Any CPU
		{44979E80-C413-4751-B94B-5D51E4AB8E30}.Release|x64.Build.0 = Release|Any CPU
		{44979E80-C413-4751-B94B-5D51E4AB8E30}.Release|x86.ActiveCfg = Release|Any CPU
		{44979E80-C413-4751-B94B-5D51E4AB8E30}.Release|x86.Build.0 = Release|Any CPU
		{14FC4DBD-46F6-499D-9A8E-FFD26DFDAA87}.Debug|Any CPU.ActiveCfg = Debug|Any CPU
		{14FC4DBD-46F6-499D-9A8E-FFD26DFDAA87}.Debug|Any CPU.Build.0 = Debug|Any CPU
		{14FC4DBD-46F6-499D-9A8E-FFD26DFDAA87}.Debug|x86.ActiveCfg = Debug|Any CPU
		{14FC4DBD-46F6-499D-9A8E-FFD26DFDAA87}.Debug|x86.Build.0 = Debug|Any CPU
		{14FC4DBD-46F6-499D-9A8E-FFD26DFDAA87}.Release|Any CPU.ActiveCfg = Release|Any CPU
		{14FC4DBD-46F6-499D-9A8E-FFD26DFDAA87}.Release|Any CPU.Build.0 = Release|Any CPU
		{14FC4DBD-46F6-499D-9A8E-FFD26DFDAA87}.Release|x86.ActiveCfg = Release|Any CPU
		{14FC4DBD-46F6-499D-9A8E-FFD26DFDAA87}.Release|x86.Build.0 = Release|Any CPU
		{4D395C52-A25B-4323-931C-4AB43EF3F5F5}.Debug|Any CPU.ActiveCfg = Debug|Any CPU
		{4D395C52-A25B-4323-931C-4AB43EF3F5F5}.Debug|Any CPU.Build.0 = Debug|Any CPU
		{4D395C52-A25B-4323-931C-4AB43EF3F5F5}.Debug|x64.ActiveCfg = Debug|x64
		{4D395C52-A25B-4323-931C-4AB43EF3F5F5}.Debug|x64.Build.0 = Debug|x64
		{4D395C52-A25B-4323-931C-4AB43EF3F5F5}.Debug|x86.ActiveCfg = Debug|Any CPU
		{4D395C52-A25B-4323-931C-4AB43EF3F5F5}.Debug|x86.Build.0 = Debug|Any CPU
		{4D395C52-A25B-4323-931C-4AB43EF3F5F5}.Release|Any CPU.ActiveCfg = Release|Any CPU
		{4D395C52-A25B-4323-931C-4AB43EF3F5F5}.Release|Any CPU.Build.0 = Release|Any CPU
		{4D395C52-A25B-4323-931C-4AB43EF3F5F5}.Release|x64.ActiveCfg = Release|x64
		{4D395C52-A25B-4323-931C-4AB43EF3F5F5}.Release|x64.Build.0 = Release|x64
		{4D395C52-A25B-4323-931C-4AB43EF3F5F5}.Release|x86.ActiveCfg = Release|Any CPU
		{4D395C52-A25B-4323-931C-4AB43EF3F5F5}.Release|x86.Build.0 = Release|Any CPU
	EndGlobalSection
	GlobalSection(SolutionProperties) = preSolution
		HideSolutionNode = FALSE
	EndGlobalSection
	GlobalSection(NestedProjects) = preSolution
		{3389F2AA-7B1B-42C2-9F47-53E9E83F9B09} = {6748AEB9-6CE6-40B9-AC34-90C509CB6205}
		{18948921-E9DB-406E-8292-5A5D3EDA1FEF} = {6748AEB9-6CE6-40B9-AC34-90C509CB6205}
		{D365A131-1C91-4712-92B9-6712BD662D26} = {6748AEB9-6CE6-40B9-AC34-90C509CB6205}
		{8A6E136E-9BDB-419D-95E3-9A124588915C} = {6748AEB9-6CE6-40B9-AC34-90C509CB6205}
		{05FB8A4F-08B3-449B-A7BC-3DAD5AC60A90} = {6748AEB9-6CE6-40B9-AC34-90C509CB6205}
		{8932B238-1D45-4595-8988-16C16DAD4FB6} = {99D7D7C8-0267-4165-9CD8-6EA2A581FA76}
		{1F8EBDE9-B5BC-4D73-98BD-A5439FB523E6} = {8932B238-1D45-4595-8988-16C16DAD4FB6}
		{D26E3BFC-2994-48DD-97EF-B654988C48BB} = {6748AEB9-6CE6-40B9-AC34-90C509CB6205}
		{11927517-883B-41F4-86B6-47250C43F473} = {6748AEB9-6CE6-40B9-AC34-90C509CB6205}
		{F63C267D-42A9-491A-8019-202B03B3CF21} = {6748AEB9-6CE6-40B9-AC34-90C509CB6205}
		{E4CF46CB-68C3-44B0-8981-D29ADF1958AD} = {6748AEB9-6CE6-40B9-AC34-90C509CB6205}
		{71D33544-64C4-4EC3-9A0B-37B3B5DB9DE7} = {8AEB3D8B-5CBD-4958-B21C-C8FC3F431867}
		{AE246EC2-B096-4DE4-B4DD-3770468BC230} = {8AEB3D8B-5CBD-4958-B21C-C8FC3F431867}
		{0E1B8533-EA87-4B20-A532-A5DF8A7C033F} = {99D7D7C8-0267-4165-9CD8-6EA2A581FA76}
		{F2EEBDEF-F158-4224-960B-18C1DC37902D} = {99D7D7C8-0267-4165-9CD8-6EA2A581FA76}
		{2201D066-F13F-400D-B283-E2A51A52A259} = {35A18D9C-B540-4257-8A98-3E64E8CA22D3}
		{13B76080-CC10-4049-B7F6-8C67BC9820DB} = {35A18D9C-B540-4257-8A98-3E64E8CA22D3}
		{745E4D70-C427-47D0-93CA-780D3C44C1FE} = {6748AEB9-6CE6-40B9-AC34-90C509CB6205}
		{14FC4DBD-46F6-499D-9A8E-FFD26DFDAA87} = {BCAFBCEE-C785-43FB-ADC1-CC6D5B95C94E}
		{44979E80-C413-4751-B94B-5D51E4AB8E30} = {35A18D9C-B540-4257-8A98-3E64E8CA22D3}
		{40F1DA07-4D67-4107-B272-09551B62CF6C} = {35A18D9C-B540-4257-8A98-3E64E8CA22D3}
		{BF2FC103-9F39-49A7-AC21-6915E045F86E} = {6748AEB9-6CE6-40B9-AC34-90C509CB6205}
		{8C0FD8DC-AEB2-40D2-B885-98FEC59B25B0} = {6748AEB9-6CE6-40B9-AC34-90C509CB6205}
		{20F1B1E6-716B-44C5-AB2D-2C29B001A504} = {6748AEB9-6CE6-40B9-AC34-90C509CB6205}
		{4D395C52-A25B-4323-931C-4AB43EF3F5F5} = {6748AEB9-6CE6-40B9-AC34-90C509CB6205}
	EndGlobalSection
	GlobalSection(ExtensibilityGlobals) = postSolution
		SolutionGuid = {32B89C1F-B9A7-49BA-BBAE-D42A33173700}
	EndGlobalSection
EndGlobal
